// !$*UTF8*$!
{
	archiveVersion = 1;
	classes = {
	};
	objectVersion = 46;
	objects = {

/* Begin PBXBuildFile section */
		2437B76B15B97F4400750117 /* Foundation.framework in Frameworks */ = {isa = PBXBuildFile; fileRef = 24F6ECA7158A2EA900CEDD41 /* Foundation.framework */; };
		2437B77615B97F7E00750117 /* DCTNetworkActivityIndicatorController.m in Sources */ = {isa = PBXBuildFile; fileRef = 24F6ECAD158A2EA900CEDD41 /* DCTNetworkActivityIndicatorController.m */; };
		2437B77715B97F8000750117 /* DCTNetworkActivityIndicatorController.h in CopyFiles */ = {isa = PBXBuildFile; fileRef = 24F6ECAC158A2EA900CEDD41 /* DCTNetworkActivityIndicatorController.h */; };
/* End PBXBuildFile section */

/* Begin PBXCopyFilesBuildPhase section */
		2437B76815B97F4400750117 /* CopyFiles */ = {
			isa = PBXCopyFilesBuildPhase;
			buildActionMask = 2147483647;
			dstPath = "include/${PRODUCT_NAME}";
			dstSubfolderSpec = 16;
			files = (
				2437B77715B97F8000750117 /* DCTNetworkActivityIndicatorController.h in CopyFiles */,
			);
			runOnlyForDeploymentPostprocessing = 0;
		};
/* End PBXCopyFilesBuildPhase section */

/* Begin PBXFileReference section */
		2437B76A15B97F4400750117 /* libDCTNetworkActivityIndicatorController.a */ = {isa = PBXFileReference; explicitFileType = archive.ar; includeInIndex = 0; path = libDCTNetworkActivityIndicatorController.a; sourceTree = BUILT_PRODUCTS_DIR; };
		244F132E17FEB2580016E94E /* Architectures.xcconfig */ = {isa = PBXFileReference; lastKnownFileType = text.xcconfig; path = Architectures.xcconfig; sourceTree = "<group>"; };
		24F6ECA7158A2EA900CEDD41 /* Foundation.framework */ = {isa = PBXFileReference; lastKnownFileType = wrapper.framework; name = Foundation.framework; path = System/Library/Frameworks/Foundation.framework; sourceTree = SDKROOT; };
		24F6ECAC158A2EA900CEDD41 /* DCTNetworkActivityIndicatorController.h */ = {isa = PBXFileReference; lastKnownFileType = sourcecode.c.h; path = DCTNetworkActivityIndicatorController.h; sourceTree = "<group>"; };
		24F6ECAD158A2EA900CEDD41 /* DCTNetworkActivityIndicatorController.m */ = {isa = PBXFileReference; lastKnownFileType = sourcecode.c.objc; path = DCTNetworkActivityIndicatorController.m; sourceTree = "<group>"; };
		24F6ECB5158A2EA900CEDD41 /* SenTestingKit.framework */ = {isa = PBXFileReference; lastKnownFileType = wrapper.framework; name = SenTestingKit.framework; path = Library/Frameworks/SenTestingKit.framework; sourceTree = DEVELOPER_DIR; };
		24F6ECB7158A2EA900CEDD41 /* UIKit.framework */ = {isa = PBXFileReference; lastKnownFileType = wrapper.framework; name = UIKit.framework; path = Library/Frameworks/UIKit.framework; sourceTree = DEVELOPER_DIR; };
/* End PBXFileReference section */

/* Begin PBXFrameworksBuildPhase section */
		2437B76715B97F4400750117 /* Frameworks */ = {
			isa = PBXFrameworksBuildPhase;
			buildActionMask = 2147483647;
			files = (
				2437B76B15B97F4400750117 /* Foundation.framework in Frameworks */,
			);
			runOnlyForDeploymentPostprocessing = 0;
		};
/* End PBXFrameworksBuildPhase section */

/* Begin PBXGroup section */
		24F6EC99158A2EA900CEDD41 = {
			isa = PBXGroup;
			children = (
				244F132E17FEB2580016E94E /* Architectures.xcconfig */,
				24F6ECA9158A2EA900CEDD41 /* DCTNetworkActivityIndicatorController */,
				24F6ECA6158A2EA900CEDD41 /* Frameworks */,
				24F6ECA5158A2EA900CEDD41 /* Products */,
			);
			sourceTree = "<group>";
		};
		24F6ECA5158A2EA900CEDD41 /* Products */ = {
			isa = PBXGroup;
			children = (
				2437B76A15B97F4400750117 /* libDCTNetworkActivityIndicatorController.a */,
			);
			name = Products;
			sourceTree = "<group>";
		};
		24F6ECA6158A2EA900CEDD41 /* Frameworks */ = {
			isa = PBXGroup;
			children = (
				24F6ECA7158A2EA900CEDD41 /* Foundation.framework */,
				24F6ECB5158A2EA900CEDD41 /* SenTestingKit.framework */,
				24F6ECB7158A2EA900CEDD41 /* UIKit.framework */,
			);
			name = Frameworks;
			sourceTree = "<group>";
		};
		24F6ECA9158A2EA900CEDD41 /* DCTNetworkActivityIndicatorController */ = {
			isa = PBXGroup;
			children = (
				24F6ECAC158A2EA900CEDD41 /* DCTNetworkActivityIndicatorController.h */,
				24F6ECAD158A2EA900CEDD41 /* DCTNetworkActivityIndicatorController.m */,
			);
			path = DCTNetworkActivityIndicatorController;
			sourceTree = "<group>";
		};
/* End PBXGroup section */

/* Begin PBXNativeTarget section */
		2437B76915B97F4400750117 /* DCTNetworkActivityIndicatorController */ = {
			isa = PBXNativeTarget;
			buildConfigurationList = 2437B77315B97F4400750117 /* Build configuration list for PBXNativeTarget "DCTNetworkActivityIndicatorController" */;
			buildPhases = (
				2437B76615B97F4400750117 /* Sources */,
				2437B76715B97F4400750117 /* Frameworks */,
				2437B76815B97F4400750117 /* CopyFiles */,
				24493EE418CFB2C0003A1AA5 /* Documentation */,
			);
			buildRules = (
			);
			dependencies = (
			);
			name = DCTNetworkActivityIndicatorController;
			productName = DCTNetworkActivityIndicatorController;
			productReference = 2437B76A15B97F4400750117 /* libDCTNetworkActivityIndicatorController.a */;
			productType = "com.apple.product-type.library.static";
		};
/* End PBXNativeTarget section */

/* Begin PBXProject section */
		24F6EC9B158A2EA900CEDD41 /* Project object */ = {
			isa = PBXProject;
			attributes = {
				LastTestingUpgradeCheck = 0510;
				LastUpgradeCheck = 0510;
				ORGANIZATIONNAME = "Daniel Tull";
			};
			buildConfigurationList = 24F6EC9E158A2EA900CEDD41 /* Build configuration list for PBXProject "DCTNetworkActivityIndicatorController" */;
			compatibilityVersion = "Xcode 3.2";
			developmentRegion = English;
			hasScannedForEncodings = 0;
			knownRegions = (
				en,
			);
			mainGroup = 24F6EC99158A2EA900CEDD41;
			productRefGroup = 24F6ECA5158A2EA900CEDD41 /* Products */;
			projectDirPath = "";
			projectRoot = "";
			targets = (
				2437B76915B97F4400750117 /* DCTNetworkActivityIndicatorController */,
			);
		};
/* End PBXProject section */

/* Begin PBXShellScriptBuildPhase section */
		24493EE418CFB2C0003A1AA5 /* Documentation */ = {
			isa = PBXShellScriptBuildPhase;
			buildActionMask = 2147483647;
			files = (
			);
			inputPaths = (
			);
			name = Documentation;
			outputPaths = (
			);
			runOnlyForDeploymentPostprocessing = 0;
			shellPath = /bin/sh;
			shellScript = "# Add this to Xcode's PATH to find homebrew installation\nPATH=$PATH:/usr/local/bin\n\nappledoc=`which appledoc`\n\nif [ $appledoc ]; then\n\ncompany=\"Daniel Tull\";\ncompanyID=\"uk.co.danieltull\";\ncompanyURL=\"http://danieltull.co.uk\";\nuuid=`uuidgen`\necho ${uuid}\noutputPath=\"/tmp/${uuid}\";\n\n$appledoc \\\n--project-name \"${PRODUCT_NAME}\" \\\n--project-company \"${company}\" \\\n--company-id \"${companyID}\" \\\n--output \"${outputPath}\" \\\n--create-docset \\\n--install-docset \\\n--create-html \\\n--docset-platform-family \"iphoneos\" \\\n--exit-threshold 2 \\\n--no-repeat-first-par \\\n\"${BUILT_PRODUCTS_DIR}/include/${PRODUCT_NAME}\"\n\nrm -rf ${outputPath}\n\nelse\n\necho \"appledoc not found.\"\n\nfi;";
		};
/* End PBXShellScriptBuildPhase section */

/* Begin PBXSourcesBuildPhase section */
		2437B76615B97F4400750117 /* Sources */ = {
			isa = PBXSourcesBuildPhase;
			buildActionMask = 2147483647;
			files = (
				2437B77615B97F7E00750117 /* DCTNetworkActivityIndicatorController.m in Sources */,
			);
			runOnlyForDeploymentPostprocessing = 0;
		};
/* End PBXSourcesBuildPhase section */

/* Begin XCBuildConfiguration section */
		2437B77415B97F4400750117 /* Debug */ = {
			isa = XCBuildConfiguration;
			baseConfigurationReference = 244F132E17FEB2580016E94E /* Architectures.xcconfig */;
			buildSettings = {
				CLANG_CXX_LIBRARY = "libc++";
				DSTROOT = /tmp/DCTNetworkActivityIndicatorController.dst;
				GCC_PRECOMPILE_PREFIX_HEADER = YES;
				GCC_PREFIX_HEADER = "";
				IPHONEOS_DEPLOYMENT_TARGET = 5.0;
				OTHER_LDFLAGS = "-ObjC";
				PRODUCT_NAME = "$(TARGET_NAME)";
				SKIP_INSTALL = YES;
			};
			name = Debug;
		};
		2437B77515B97F4400750117 /* Release */ = {
			isa = XCBuildConfiguration;
			baseConfigurationReference = 244F132E17FEB2580016E94E /* Architectures.xcconfig */;
			buildSettings = {
				CLANG_CXX_LIBRARY = "libc++";
				DSTROOT = /tmp/DCTNetworkActivityIndicatorController.dst;
				GCC_PRECOMPILE_PREFIX_HEADER = YES;
				GCC_PREFIX_HEADER = "";
				IPHONEOS_DEPLOYMENT_TARGET = 5.0;
				OTHER_LDFLAGS = "-ObjC";
				PRODUCT_NAME = "$(TARGET_NAME)";
				SKIP_INSTALL = YES;
			};
			name = Release;
		};
		24F6ECC6158A2EAA00CEDD41 /* Debug */ = {
			isa = XCBuildConfiguration;
			buildSettings = {
				ALWAYS_SEARCH_USER_PATHS = NO;
				CLANG_CXX_LANGUAGE_STANDARD = "gnu++0x";
				CLANG_ENABLE_MODULES = YES;
				CLANG_ENABLE_OBJC_ARC = YES;
				CLANG_WARN_BOOL_CONVERSION = YES;
				CLANG_WARN_CONSTANT_CONVERSION = YES;
				CLANG_WARN_EMPTY_BODY = YES;
				CLANG_WARN_ENUM_CONVERSION = YES;
				CLANG_WARN_INT_CONVERSION = YES;
				CLANG_WARN__DUPLICATE_METHOD_MATCH = YES;
				COPY_PHASE_STRIP = NO;
				GCC_C_LANGUAGE_STANDARD = gnu99;
				GCC_DYNAMIC_NO_PIC = NO;
				GCC_OPTIMIZATION_LEVEL = 0;
				GCC_PREPROCESSOR_DEFINITIONS = (
					"DEBUG=1",
					"$(inherited)",
				);
				GCC_SYMBOLS_PRIVATE_EXTERN = NO;
				GCC_VERSION = com.apple.compilers.llvm.clang.1_0;
				GCC_WARN_64_TO_32_BIT_CONVERSION = YES;
				GCC_WARN_ABOUT_RETURN_TYPE = YES;
				GCC_WARN_UNDECLARED_SELECTOR = YES;
				GCC_WARN_UNINITIALIZED_AUTOS = YES;
				GCC_WARN_UNUSED_FUNCTION = YES;
				GCC_WARN_UNUSED_VARIABLE = YES;
				IPHONEOS_DEPLOYMENT_TARGET = 5.1;
				ONLY_ACTIVE_ARCH = YES;
				SDKROOT = iphoneos;
				WARNING_CFLAGS = (
					"-Weverything",
					"-Wno-objc-missing-property-synthesis",
				);
			};
			name = Debug;
		};
		24F6ECC7158A2EAA00CEDD41 /* Release */ = {
			isa = XCBuildConfiguration;
			buildSettings = {
				ALWAYS_SEARCH_USER_PATHS = NO;
				CLANG_CXX_LANGUAGE_STANDARD = "gnu++0x";
				CLANG_ENABLE_MODULES = YES;
				CLANG_ENABLE_OBJC_ARC = YES;
				CLANG_WARN_BOOL_CONVERSION = YES;
				CLANG_WARN_CONSTANT_CONVERSION = YES;
				CLANG_WARN_EMPTY_BODY = YES;
				CLANG_WARN_ENUM_CONVERSION = YES;
				CLANG_WARN_INT_CONVERSION = YES;
				CLANG_WARN__DUPLICATE_METHOD_MATCH = YES;
				COPY_PHASE_STRIP = YES;
				GCC_C_LANGUAGE_STANDARD = gnu99;
				GCC_VERSION = com.apple.compilers.llvm.clang.1_0;
				GCC_WARN_64_TO_32_BIT_CONVERSION = YES;
				GCC_WARN_ABOUT_RETURN_TYPE = YES;
				GCC_WARN_UNDECLARED_SELECTOR = YES;
				GCC_WARN_UNINITIALIZED_AUTOS = YES;
				GCC_WARN_UNUSED_FUNCTION = YES;
				GCC_WARN_UNUSED_VARIABLE = YES;
				IPHONEOS_DEPLOYMENT_TARGET = 5.1;
				SDKROOT = iphoneos;
				VALIDATE_PRODUCT = YES;
				WARNING_CFLAGS = (
					"-Weverything",
					"-Wno-objc-missing-property-synthesis",
				);
			};
			name = Release;
		};
/* End XCBuildConfiguration section */

/* Begin XCConfigurationList section */
		2437B77315B97F4400750117 /* Build configuration list for PBXNativeTarget "DCTNetworkActivityIndicatorController" */ = {
			isa = XCConfigurationList;
			buildConfigurations = (
				2437B77415B97F4400750117 /* Debug */,
				2437B77515B97F4400750117 /* Release */,
			);
			defaultConfigurationIsVisible = 0;
			defaultConfigurationName = Release;
		};
		24F6EC9E158A2EA900CEDD41 /* Build configuration list for PBXProject "DCTNetworkActivityIndicatorController" */ = {
			isa = XCConfigurationList;
			buildConfigurations = (
				24F6ECC6158A2EAA00CEDD41 /* Debug */,
				24F6ECC7158A2EAA00CEDD41 /* Release */,
			);
			defaultConfigurationIsVisible = 0;
			defaultConfigurationName = Release;
		};
/* End XCConfigurationList section */
	};
	rootObject = 24F6EC9B158A2EA900CEDD41 /* Project object */;
}
