// !$*UTF8*$!
{
	archiveVersion = 1;
	classes = {
	};
	objectVersion = 46;
	objects = {

/* Begin PBXBuildFile section */
		2437B77615B97F7E00750117 /* DCTNetworkActivityIndicatorController.m in Sources */ = {isa = PBXBuildFile; fileRef = 24F6ECAD158A2EA900CEDD41 /* DCTNetworkActivityIndicatorController.m */; };
		2437B77715B97F8000750117 /* DCTNetworkActivityIndicatorController.h in CopyFiles */ = {isa = PBXBuildFile; fileRef = 24F6ECAC158A2EA900CEDD41 /* DCTNetworkActivityIndicatorController.h */; };
		244DE8CD19A9229400A91DC7 /* DCTNetworkActivityIndicatorController.h in Headers */ = {isa = PBXBuildFile; fileRef = 24F6ECAC158A2EA900CEDD41 /* DCTNetworkActivityIndicatorController.h */; settings = {ATTRIBUTES = (Public, ); }; };
		244DE8CE19A9229A00A91DC7 /* DCTNetworkActivityIndicatorController.m in Sources */ = {isa = PBXBuildFile; fileRef = 24F6ECAD158A2EA900CEDD41 /* DCTNetworkActivityIndicatorController.m */; };
/* End PBXBuildFile section */

/* Begin PBXCopyFilesBuildPhase section */
		2437B76815B97F4400750117 /* CopyFiles */ = {
			isa = PBXCopyFilesBuildPhase;
			buildActionMask = 2147483647;
			dstPath = "include/${PRODUCT_NAME}";
			dstSubfolderSpec = 16;
			files = (
				2437B77715B97F8000750117 /* DCTNetworkActivityIndicatorController.h in CopyFiles */,
			);
			runOnlyForDeploymentPostprocessing = 0;
		};
/* End PBXCopyFilesBuildPhase section */

/* Begin PBXFileReference section */
		2437B76A15B97F4400750117 /* libDCTNetworkActivityIndicatorController.a */ = {isa = PBXFileReference; explicitFileType = archive.ar; includeInIndex = 0; path = libDCTNetworkActivityIndicatorController.a; sourceTree = BUILT_PRODUCTS_DIR; };
		244DE8A819A921BB00A91DC7 /* Debug.xcconfig */ = {isa = PBXFileReference; lastKnownFileType = text.xcconfig; path = Debug.xcconfig; sourceTree = "<group>"; };
		244DE8A919A921BB00A91DC7 /* iOS Application.xcconfig */ = {isa = PBXFileReference; lastKnownFileType = text.xcconfig; path = "iOS Application.xcconfig"; sourceTree = "<group>"; };
		244DE8AA19A921BB00A91DC7 /* iOS Bundle.xcconfig */ = {isa = PBXFileReference; lastKnownFileType = text.xcconfig; path = "iOS Bundle.xcconfig"; sourceTree = "<group>"; };
		244DE8AB19A921BB00A91DC7 /* iOS Framework.xcconfig */ = {isa = PBXFileReference; lastKnownFileType = text.xcconfig; path = "iOS Framework.xcconfig"; sourceTree = "<group>"; };
		244DE8AC19A921BB00A91DC7 /* iOS Static Library.xcconfig */ = {isa = PBXFileReference; lastKnownFileType = text.xcconfig; path = "iOS Static Library.xcconfig"; sourceTree = "<group>"; };
		244DE8AD19A921BB00A91DC7 /* iOS Tests.xcconfig */ = {isa = PBXFileReference; lastKnownFileType = text.xcconfig; path = "iOS Tests.xcconfig"; sourceTree = "<group>"; };
		244DE8AE19A921BB00A91DC7 /* OS X Framework.xcconfig */ = {isa = PBXFileReference; lastKnownFileType = text.xcconfig; path = "OS X Framework.xcconfig"; sourceTree = "<group>"; };
		244DE8AF19A921BB00A91DC7 /* Release.xcconfig */ = {isa = PBXFileReference; lastKnownFileType = text.xcconfig; path = Release.xcconfig; sourceTree = "<group>"; };
		244DE8B019A921BB00A91DC7 /* Shared.xcconfig */ = {isa = PBXFileReference; lastKnownFileType = text.xcconfig; path = Shared.xcconfig; sourceTree = "<group>"; };
		244DE8B619A9224300A91DC7 /* DCTNetworkActivityIndicatorController.framework */ = {isa = PBXFileReference; explicitFileType = wrapper.framework; includeInIndex = 0; path = DCTNetworkActivityIndicatorController.framework; sourceTree = BUILT_PRODUCTS_DIR; };
		244DE8CC19A9226300A91DC7 /* Info.plist */ = {isa = PBXFileReference; lastKnownFileType = text.plist.xml; path = Info.plist; sourceTree = "<group>"; };
		24F6ECAC158A2EA900CEDD41 /* DCTNetworkActivityIndicatorController.h */ = {isa = PBXFileReference; lastKnownFileType = sourcecode.c.h; path = DCTNetworkActivityIndicatorController.h; sourceTree = "<group>"; };
		24F6ECAD158A2EA900CEDD41 /* DCTNetworkActivityIndicatorController.m */ = {isa = PBXFileReference; lastKnownFileType = sourcecode.c.objc; path = DCTNetworkActivityIndicatorController.m; sourceTree = "<group>"; };
/* End PBXFileReference section */

/* Begin PBXFrameworksBuildPhase section */
		2437B76715B97F4400750117 /* Frameworks */ = {
			isa = PBXFrameworksBuildPhase;
			buildActionMask = 2147483647;
			files = (
			);
			runOnlyForDeploymentPostprocessing = 0;
		};
		244DE8B219A9224300A91DC7 /* Frameworks */ = {
			isa = PBXFrameworksBuildPhase;
			buildActionMask = 2147483647;
			files = (
			);
			runOnlyForDeploymentPostprocessing = 0;
		};
/* End PBXFrameworksBuildPhase section */

/* Begin PBXGroup section */
		244DE8A719A921BB00A91DC7 /* Configurations */ = {
			isa = PBXGroup;
			children = (
				244DE8A819A921BB00A91DC7 /* Debug.xcconfig */,
				244DE8A919A921BB00A91DC7 /* iOS Application.xcconfig */,
				244DE8AA19A921BB00A91DC7 /* iOS Bundle.xcconfig */,
				244DE8AB19A921BB00A91DC7 /* iOS Framework.xcconfig */,
				244DE8AC19A921BB00A91DC7 /* iOS Static Library.xcconfig */,
				244DE8AD19A921BB00A91DC7 /* iOS Tests.xcconfig */,
				244DE8AE19A921BB00A91DC7 /* OS X Framework.xcconfig */,
				244DE8AF19A921BB00A91DC7 /* Release.xcconfig */,
				244DE8B019A921BB00A91DC7 /* Shared.xcconfig */,
			);
			path = Configurations;
			sourceTree = "<group>";
		};
		24F6EC99158A2EA900CEDD41 = {
			isa = PBXGroup;
			children = (
				24F6ECA9158A2EA900CEDD41 /* DCTNetworkActivityIndicatorController */,
				244DE8A719A921BB00A91DC7 /* Configurations */,
				24F6ECA5158A2EA900CEDD41 /* Products */,
			);
			sourceTree = "<group>";
		};
		24F6ECA5158A2EA900CEDD41 /* Products */ = {
			isa = PBXGroup;
			children = (
				2437B76A15B97F4400750117 /* libDCTNetworkActivityIndicatorController.a */,
				244DE8B619A9224300A91DC7 /* DCTNetworkActivityIndicatorController.framework */,
			);
			name = Products;
			sourceTree = "<group>";
		};
		24F6ECA9158A2EA900CEDD41 /* DCTNetworkActivityIndicatorController */ = {
			isa = PBXGroup;
			children = (
				24F6ECAC158A2EA900CEDD41 /* DCTNetworkActivityIndicatorController.h */,
				24F6ECAD158A2EA900CEDD41 /* DCTNetworkActivityIndicatorController.m */,
				244DE8CC19A9226300A91DC7 /* Info.plist */,
			);
			path = DCTNetworkActivityIndicatorController;
			sourceTree = "<group>";
		};
/* End PBXGroup section */

/* Begin PBXHeadersBuildPhase section */
		244DE8B319A9224300A91DC7 /* Headers */ = {
			isa = PBXHeadersBuildPhase;
			buildActionMask = 2147483647;
			files = (
				244DE8CD19A9229400A91DC7 /* DCTNetworkActivityIndicatorController.h in Headers */,
			);
			runOnlyForDeploymentPostprocessing = 0;
		};
/* End PBXHeadersBuildPhase section */

/* Begin PBXNativeTarget section */
		2437B76915B97F4400750117 /* DCTNetworkActivityIndicatorController */ = {
			isa = PBXNativeTarget;
			buildConfigurationList = 2437B77315B97F4400750117 /* Build configuration list for PBXNativeTarget "DCTNetworkActivityIndicatorController" */;
			buildPhases = (
				2437B76615B97F4400750117 /* Sources */,
				2437B76715B97F4400750117 /* Frameworks */,
				2437B76815B97F4400750117 /* CopyFiles */,
				24493EE418CFB2C0003A1AA5 /* Documentation */,
			);
			buildRules = (
			);
			dependencies = (
			);
			name = DCTNetworkActivityIndicatorController;
			productName = DCTNetworkActivityIndicatorController;
			productReference = 2437B76A15B97F4400750117 /* libDCTNetworkActivityIndicatorController.a */;
			productType = "com.apple.product-type.library.static";
		};
		244DE8B519A9224300A91DC7 /* DCTNetworkActivityIndicatorController iOS */ = {
			isa = PBXNativeTarget;
			buildConfigurationList = 244DE8C619A9224300A91DC7 /* Build configuration list for PBXNativeTarget "DCTNetworkActivityIndicatorController iOS" */;
			buildPhases = (
				244DE8B119A9224300A91DC7 /* Sources */,
				244DE8B219A9224300A91DC7 /* Frameworks */,
				244DE8B319A9224300A91DC7 /* Headers */,
				244DE8B419A9224300A91DC7 /* Resources */,
				240C63801A6457E2007CD368 /* Documentation */,
			);
			buildRules = (
			);
			dependencies = (
			);
			name = "DCTNetworkActivityIndicatorController iOS";
			productName = "DCTNetworkActivityIndicatorController iOS";
			productReference = 244DE8B619A9224300A91DC7 /* DCTNetworkActivityIndicatorController.framework */;
			productType = "com.apple.product-type.framework";
		};
/* End PBXNativeTarget section */

/* Begin PBXProject section */
		24F6EC9B158A2EA900CEDD41 /* Project object */ = {
			isa = PBXProject;
			attributes = {
				LastTestingUpgradeCheck = 0510;
				LastUpgradeCheck = 0730;
				ORGANIZATIONNAME = "Daniel Tull";
				TargetAttributes = {
					244DE8B519A9224300A91DC7 = {
						CreatedOnToolsVersion = 6.0;
					};
				};
			};
			buildConfigurationList = 24F6EC9E158A2EA900CEDD41 /* Build configuration list for PBXProject "DCTNetworkActivityIndicatorController" */;
			compatibilityVersion = "Xcode 3.2";
			developmentRegion = English;
			hasScannedForEncodings = 0;
			knownRegions = (
				en,
			);
			mainGroup = 24F6EC99158A2EA900CEDD41;
			productRefGroup = 24F6ECA5158A2EA900CEDD41 /* Products */;
			projectDirPath = "";
			projectRoot = "";
			targets = (
				2437B76915B97F4400750117 /* DCTNetworkActivityIndicatorController */,
				244DE8B519A9224300A91DC7 /* DCTNetworkActivityIndicatorController iOS */,
			);
		};
/* End PBXProject section */

/* Begin PBXResourcesBuildPhase section */
		244DE8B419A9224300A91DC7 /* Resources */ = {
			isa = PBXResourcesBuildPhase;
			buildActionMask = 2147483647;
			files = (
			);
			runOnlyForDeploymentPostprocessing = 0;
		};
/* End PBXResourcesBuildPhase section */

/* Begin PBXShellScriptBuildPhase section */
		240C63801A6457E2007CD368 /* Documentation */ = {
			isa = PBXShellScriptBuildPhase;
			buildActionMask = 2147483647;
			files = (
			);
			inputPaths = (
			);
			name = Documentation;
			outputPaths = (
			);
			runOnlyForDeploymentPostprocessing = 0;
			shellPath = /bin/sh;
			shellScript = "./Scripts/documentation.sh -c \"Daniel Tull\" -i \"uk.co.danieltull\" > /dev/null 2>&1 &\n";
		};
		24493EE418CFB2C0003A1AA5 /* Documentation */ = {
			isa = PBXShellScriptBuildPhase;
			buildActionMask = 2147483647;
			files = (
			);
			inputPaths = (
			);
			name = Documentation;
			outputPaths = (
			);
			runOnlyForDeploymentPostprocessing = 0;
			shellPath = /bin/sh;
			shellScript = "./Scripts/documentation.sh -c \"Daniel Tull\" -i \"uk.co.danieltull\" > /dev/null 2>&1 &\n";
		};
/* End PBXShellScriptBuildPhase section */

/* Begin PBXSourcesBuildPhase section */
		2437B76615B97F4400750117 /* Sources */ = {
			isa = PBXSourcesBuildPhase;
			buildActionMask = 2147483647;
			files = (
				2437B77615B97F7E00750117 /* DCTNetworkActivityIndicatorController.m in Sources */,
			);
			runOnlyForDeploymentPostprocessing = 0;
		};
		244DE8B119A9224300A91DC7 /* Sources */ = {
			isa = PBXSourcesBuildPhase;
			buildActionMask = 2147483647;
			files = (
				244DE8CE19A9229A00A91DC7 /* DCTNetworkActivityIndicatorController.m in Sources */,
			);
			runOnlyForDeploymentPostprocessing = 0;
		};
/* End PBXSourcesBuildPhase section */

/* Begin XCBuildConfiguration section */
		2437B77415B97F4400750117 /* Debug */ = {
			isa = XCBuildConfiguration;
			baseConfigurationReference = 244DE8AC19A921BB00A91DC7 /* iOS Static Library.xcconfig */;
			buildSettings = {
			};
			name = Debug;
		};
		2437B77515B97F4400750117 /* Release */ = {
			isa = XCBuildConfiguration;
			baseConfigurationReference = 244DE8AC19A921BB00A91DC7 /* iOS Static Library.xcconfig */;
			buildSettings = {
			};
			name = Release;
		};
		244DE8C719A9224300A91DC7 /* Debug */ = {
			isa = XCBuildConfiguration;
			baseConfigurationReference = 244DE8AB19A921BB00A91DC7 /* iOS Framework.xcconfig */;
			buildSettings = {
				APPLICATION_EXTENSION_API_ONLY = NO;
				DYLIB_COMPATIBILITY_VERSION = 1;
				DYLIB_CURRENT_VERSION = 1;
				PRODUCT_NAME = DCTNetworkActivityIndicatorController;
			};
			name = Debug;
		};
		244DE8C819A9224300A91DC7 /* Release */ = {
			isa = XCBuildConfiguration;
			baseConfigurationReference = 244DE8AB19A921BB00A91DC7 /* iOS Framework.xcconfig */;
			buildSettings = {
				APPLICATION_EXTENSION_API_ONLY = NO;
				DYLIB_COMPATIBILITY_VERSION = 1;
				DYLIB_CURRENT_VERSION = 1;
				PRODUCT_NAME = DCTNetworkActivityIndicatorController;
			};
			name = Release;
		};
		24F6ECC6158A2EAA00CEDD41 /* Debug */ = {
			isa = XCBuildConfiguration;
			baseConfigurationReference = 244DE8A819A921BB00A91DC7 /* Debug.xcconfig */;
			buildSettings = {
				CURRENT_PROJECT_VERSION = 1;
				PRODUCT_BUNDLE_IDENTIFIER = "uk.co.danieltull.$(PRODUCT_NAME:rfc1034identifier)";
			};
			name = Debug;
		};
		24F6ECC7158A2EAA00CEDD41 /* Release */ = {
			isa = XCBuildConfiguration;
			baseConfigurationReference = 244DE8AF19A921BB00A91DC7 /* Release.xcconfig */;
			buildSettings = {
				CURRENT_PROJECT_VERSION = 1;
				PRODUCT_BUNDLE_IDENTIFIER = "uk.co.danieltull.$(PRODUCT_NAME:rfc1034identifier)";
			};
			name = Release;
		};
/* End XCBuildConfiguration section */

/* Begin XCConfigurationList section */
		2437B77315B97F4400750117 /* Build configuration list for PBXNativeTarget "DCTNetworkActivityIndicatorController" */ = {
			isa = XCConfigurationList;
			buildConfigurations = (
				2437B77415B97F4400750117 /* Debug */,
				2437B77515B97F4400750117 /* Release */,
			);
			defaultConfigurationIsVisible = 0;
			defaultConfigurationName = Release;
		};
		244DE8C619A9224300A91DC7 /* Build configuration list for PBXNativeTarget "DCTNetworkActivityIndicatorController iOS" */ = {
			isa = XCConfigurationList;
			buildConfigurations = (
				244DE8C719A9224300A91DC7 /* Debug */,
				244DE8C819A9224300A91DC7 /* Release */,
			);
			defaultConfigurationIsVisible = 0;
			defaultConfigurationName = Release;
		};
		24F6EC9E158A2EA900CEDD41 /* Build configuration list for PBXProject "DCTNetworkActivityIndicatorController" */ = {
			isa = XCConfigurationList;
			buildConfigurations = (
				24F6ECC6158A2EAA00CEDD41 /* Debug */,
				24F6ECC7158A2EAA00CEDD41 /* Release */,
			);
			defaultConfigurationIsVisible = 0;
			defaultConfigurationName = Release;
		};
/* End XCConfigurationList section */
	};
	rootObject = 24F6EC9B158A2EA900CEDD41 /* Project object */;
}
